
Microsoft Visual Studio Solution File, Format Version 12.00
# Visual Studio 15
VisualStudioVersion = 15.0.28307.902
MinimumVisualStudioVersion = 10.0.40219.1
Project("{9A19103F-16F7-4668-BE54-9A1E7A4F7556}") = "AromaCareGlow.Commerce.CustomerData.Rest", "src\AromaCareGlow.Commerce.CustomerData.Rest\AromaCareGlow.Commerce.CustomerData.Rest.csproj", "{16D6821A-BB2A-47E1-986A-EE3052F33BA6}"
EndProject
Project("{9A19103F-16F7-4668-BE54-9A1E7A4F7556}") = "AromaCareGlow.Commerce.CustomerData.Domain", "src\AromaCareGlow.Commerce.CustomerData.Domain\AromaCareGlow.Commerce.CustomerData.Domain.csproj", "{1BA77DB8-1C17-46AB-AA21-951CFD141C0C}"
EndProject
Project("{9A19103F-16F7-4668-BE54-9A1E7A4F7556}") = "AromaCareGlow.Commerce.CustomerData.Infrastructure", "src\AromaCareGlow.Commerce.CustomerData.Infrastructure\AromaCareGlow.Commerce.CustomerData.Infrastructure.csproj", "{FB767978-3FD2-44C4-93AE-8C552A5C453D}"
EndProject
Project("{9A19103F-16F7-4668-BE54-9A1E7A4F7556}") = "AromaCareGlow.Commerce.CustomerData.Model", "src\AromaCareGlow.Commerce.CustomerData.Model\AromaCareGlow.Commerce.CustomerData.Model.csproj", "{F145C85F-088E-4978-B900-B2B53718AABA}"
EndProject
Project("{FAE04EC0-301F-11D3-BF4B-00C04F79EFBC}") = "AromaCareGlow.Commerce.CustomerData.UnitTest", "test\AromaCareGlow.Commerce.CustomerData.UnitTest\AromaCareGlow.Commerce.CustomerData.UnitTest.csproj", "{FA2F4B61-7F9B-433B-9F89-1954A0F87BE3}"
EndProject
Project("{FAE04EC0-301F-11D3-BF4B-00C04F79EFBC}") = "AromaCareGlow.Commerce.CustomerData.IntegrationTest", "test\AromaCareGlow.Commerce.CustomerData.IntegrationTest\AromaCareGlow.Commerce.CustomerData.IntegrationTest.csproj", "{9FC69F7B-1559-4743-BB87-7110344E2F8A}"
EndProject
Project("{FAE04EC0-301F-11D3-BF4B-00C04F79EFBC}") = "AromaCareGlow.Commerce.CustomerData.BehaviorTest", "test\AromaCareGlow.Commerce.CustomerData.BehaviorTest\AromaCareGlow.Commerce.CustomerData.BehaviorTest.csproj", "{751A1C82-BCA7-4604-ADAB-7C63DC841228}"
EndProject
Global
	GlobalSection(SolutionConfigurationPlatforms) = preSolution
		Debug|Any CPU = Debug|Any CPU
		Release|Any CPU = Release|Any CPU
	EndGlobalSection
	GlobalSection(ProjectConfigurationPlatforms) = postSolution
		{16D6821A-BB2A-47E1-986A-EE3052F33BA6}.Debug|Any CPU.ActiveCfg = Debug|Any CPU
		{16D6821A-BB2A-47E1-986A-EE3052F33BA6}.Debug|Any CPU.Build.0 = Debug|Any CPU
		{16D6821A-BB2A-47E1-986A-EE3052F33BA6}.Release|Any CPU.ActiveCfg = Release|Any CPU
		{16D6821A-BB2A-47E1-986A-EE3052F33BA6}.Release|Any CPU.Build.0 = Release|Any CPU
		{1BA77DB8-1C17-46AB-AA21-951CFD141C0C}.Debug|Any CPU.ActiveCfg = Debug|Any CPU
		{1BA77DB8-1C17-46AB-AA21-951CFD141C0C}.Debug|Any CPU.Build.0 = Debug|Any CPU
		{1BA77DB8-1C17-46AB-AA21-951CFD141C0C}.Release|Any CPU.ActiveCfg = Release|Any CPU
		{1BA77DB8-1C17-46AB-AA21-951CFD141C0C}.Release|Any CPU.Build.0 = Release|Any CPU
		{FB767978-3FD2-44C4-93AE-8C552A5C453D}.Debug|Any CPU.ActiveCfg = Debug|Any CPU
		{FB767978-3FD2-44C4-93AE-8C552A5C453D}.Debug|Any CPU.Build.0 = Debug|Any CPU
		{FB767978-3FD2-44C4-93AE-8C552A5C453D}.Release|Any CPU.ActiveCfg = Release|Any CPU
		{FB767978-3FD2-44C4-93AE-8C552A5C453D}.Release|Any CPU.Build.0 = Release|Any CPU
		{F145C85F-088E-4978-B900-B2B53718AABA}.Debug|Any CPU.ActiveCfg = Debug|Any CPU
		{F145C85F-088E-4978-B900-B2B53718AABA}.Debug|Any CPU.Build.0 = Debug|Any CPU
		{F145C85F-088E-4978-B900-B2B53718AABA}.Release|Any CPU.ActiveCfg = Release|Any CPU
		{F145C85F-088E-4978-B900-B2B53718AABA}.Release|Any CPU.Build.0 = Release|Any CPU
		{FA2F4B61-7F9B-433B-9F89-1954A0F87BE3}.Debug|Any CPU.ActiveCfg = Debug|Any CPU
		{FA2F4B61-7F9B-433B-9F89-1954A0F87BE3}.Debug|Any CPU.Build.0 = Debug|Any CPU
		{FA2F4B61-7F9B-433B-9F89-1954A0F87BE3}.Release|Any CPU.ActiveCfg = Release|Any CPU
		{FA2F4B61-7F9B-433B-9F89-1954A0F87BE3}.Release|Any CPU.Build.0 = Release|Any CPU
		{9FC69F7B-1559-4743-BB87-7110344E2F8A}.Debug|Any CPU.ActiveCfg = Debug|Any CPU
		{9FC69F7B-1559-4743-BB87-7110344E2F8A}.Debug|Any CPU.Build.0 = Debug|Any CPU
		{9FC69F7B-1559-4743-BB87-7110344E2F8A}.Release|Any CPU.ActiveCfg = Release|Any CPU
		{9FC69F7B-1559-4743-BB87-7110344E2F8A}.Release|Any CPU.Build.0 = Release|Any CPU
		{751A1C82-BCA7-4604-ADAB-7C63DC841228}.Debug|Any CPU.ActiveCfg = Debug|Any CPU
		{751A1C82-BCA7-4604-ADAB-7C63DC841228}.Debug|Any CPU.Build.0 = Debug|Any CPU
		{751A1C82-BCA7-4604-ADAB-7C63DC841228}.Release|Any CPU.ActiveCfg = Release|Any CPU
		{751A1C82-BCA7-4604-ADAB-7C63DC841228}.Release|Any CPU.Build.0 = Release|Any CPU
	EndGlobalSection
	GlobalSection(SolutionProperties) = preSolution
		HideSolutionNode = FALSE
	EndGlobalSection
	GlobalSection(ExtensibilityGlobals) = postSolution
		SolutionGuid = {363FE26E-4E25-4A7B-BEA3-8EA42B48C1D0}
	EndGlobalSection
EndGlobal
